
Microsoft Visual Studio Solution File, Format Version 12.00
# Visual Studio Version 17
VisualStudioVersion = 17.4.33213.308
MinimumVisualStudioVersion = 10.0.40219.1
Project("{9A19103F-16F7-4668-BE54-9A1E7A4F7556}") = "DsDelivery.WebApi.Tests", "DsDeliveryApi.Tests\DsDelivery.WebApi.Tests.csproj", "{23703AEB-A4EF-4B8D-9AB8-486D80A22F34}"
EndProject
Project("{9A19103F-16F7-4668-BE54-9A1E7A4F7556}") = "DsDelivery.Core", "DsDelivery.Core\DsDelivery.Core.csproj", "{2069A6B7-0438-41B4-9B53-9C90ACFA0388}"
EndProject
Project("{9A19103F-16F7-4668-BE54-9A1E7A4F7556}") = "DsDelivery.Manager", "DsDelivery.Manager\DsDelivery.Manager.csproj", "{950B2931-AF90-4FDF-AFEF-D2CE8472C685}"
EndProject
Project("{9A19103F-16F7-4668-BE54-9A1E7A4F7556}") = "DsDelivery.Data", "DsDelivery.Data\DsDelivery.Data.csproj", "{1A72FB2A-A5A6-4F6F-B41A-63457B7E41A9}"
EndProject
Project("{9A19103F-16F7-4668-BE54-9A1E7A4F7556}") = "DsDelivery.Core.Shared", "DsDelivery.Core.Shared\DsDelivery.Core.Shared.csproj", "{7E91F5DD-E6BC-434B-8080-1F90D27BF329}"
EndProject
Project("{9A19103F-16F7-4668-BE54-9A1E7A4F7556}") = "DsDelivery.WebApi", "DsDelivery.WebApi\DsDelivery.WebApi.csproj", "{3DCB05EA-6CF2-41FE-AD48-605397935598}"
EndProject
Project("{FAE04EC0-301F-11D3-BF4B-00C04F79EFBC}") = "DsDelivery.Repository.Tests", "DsDelivery.Repository.Tests\DsDelivery.Repository.Tests.csproj", "{16B4355D-3FA0-4747-A59B-314ADC1C611E}"
EndProject
Project("{FAE04EC0-301F-11D3-BF4B-00C04F79EFBC}") = "DsDelivery.FakeData", "DsDelivery.FakeData\DsDelivery.FakeData.csproj", "{9BEB698F-D761-4F5C-B4C8-DA1A91E9ACF1}"
EndProject
Global
	GlobalSection(SolutionConfigurationPlatforms) = preSolution
		Debug|Any CPU = Debug|Any CPU
		Release|Any CPU = Release|Any CPU
	EndGlobalSection
	GlobalSection(ProjectConfigurationPlatforms) = postSolution
		{23703AEB-A4EF-4B8D-9AB8-486D80A22F34}.Debug|Any CPU.ActiveCfg = Debug|Any CPU
		{23703AEB-A4EF-4B8D-9AB8-486D80A22F34}.Debug|Any CPU.Build.0 = Debug|Any CPU
		{23703AEB-A4EF-4B8D-9AB8-486D80A22F34}.Release|Any CPU.ActiveCfg = Release|Any CPU
		{23703AEB-A4EF-4B8D-9AB8-486D80A22F34}.Release|Any CPU.Build.0 = Release|Any CPU
		{2069A6B7-0438-41B4-9B53-9C90ACFA0388}.Debug|Any CPU.ActiveCfg = Debug|Any CPU
		{2069A6B7-0438-41B4-9B53-9C90ACFA0388}.Debug|Any CPU.Build.0 = Debug|Any CPU
		{2069A6B7-0438-41B4-9B53-9C90ACFA0388}.Release|Any CPU.ActiveCfg = Release|Any CPU
		{2069A6B7-0438-41B4-9B53-9C90ACFA0388}.Release|Any CPU.Build.0 = Release|Any CPU
		{950B2931-AF90-4FDF-AFEF-D2CE8472C685}.Debug|Any CPU.ActiveCfg = Debug|Any CPU
		{950B2931-AF90-4FDF-AFEF-D2CE8472C685}.Debug|Any CPU.Build.0 = Debug|Any CPU
		{950B2931-AF90-4FDF-AFEF-D2CE8472C685}.Release|Any CPU.ActiveCfg = Release|Any CPU
		{950B2931-AF90-4FDF-AFEF-D2CE8472C685}.Release|Any CPU.Build.0 = Release|Any CPU
		{1A72FB2A-A5A6-4F6F-B41A-63457B7E41A9}.Debug|Any CPU.ActiveCfg = Debug|Any CPU
		{1A72FB2A-A5A6-4F6F-B41A-63457B7E41A9}.Debug|Any CPU.Build.0 = Debug|Any CPU
		{1A72FB2A-A5A6-4F6F-B41A-63457B7E41A9}.Release|Any CPU.ActiveCfg = Release|Any CPU
		{1A72FB2A-A5A6-4F6F-B41A-63457B7E41A9}.Release|Any CPU.Build.0 = Release|Any CPU
		{7E91F5DD-E6BC-434B-8080-1F90D27BF329}.Debug|Any CPU.ActiveCfg = Debug|Any CPU
		{7E91F5DD-E6BC-434B-8080-1F90D27BF329}.Debug|Any CPU.Build.0 = Debug|Any CPU
		{7E91F5DD-E6BC-434B-8080-1F90D27BF329}.Release|Any CPU.ActiveCfg = Release|Any CPU
		{7E91F5DD-E6BC-434B-8080-1F90D27BF329}.Release|Any CPU.Build.0 = Release|Any CPU
		{3DCB05EA-6CF2-41FE-AD48-605397935598}.Debug|Any CPU.ActiveCfg = Debug|Any CPU
		{3DCB05EA-6CF2-41FE-AD48-605397935598}.Debug|Any CPU.Build.0 = Debug|Any CPU
		{3DCB05EA-6CF2-41FE-AD48-605397935598}.Release|Any CPU.ActiveCfg = Release|Any CPU
		{3DCB05EA-6CF2-41FE-AD48-605397935598}.Release|Any CPU.Build.0 = Release|Any CPU
		{16B4355D-3FA0-4747-A59B-314ADC1C611E}.Debug|Any CPU.ActiveCfg = Debug|Any CPU
		{16B4355D-3FA0-4747-A59B-314ADC1C611E}.Debug|Any CPU.Build.0 = Debug|Any CPU
		{16B4355D-3FA0-4747-A59B-314ADC1C611E}.Release|Any CPU.ActiveCfg = Release|Any CPU
		{16B4355D-3FA0-4747-A59B-314ADC1C611E}.Release|Any CPU.Build.0 = Release|Any CPU
		{9BEB698F-D761-4F5C-B4C8-DA1A91E9ACF1}.Debug|Any CPU.ActiveCfg = Debug|Any CPU
		{9BEB698F-D761-4F5C-B4C8-DA1A91E9ACF1}.Debug|Any CPU.Build.0 = Debug|Any CPU
		{9BEB698F-D761-4F5C-B4C8-DA1A91E9ACF1}.Release|Any CPU.ActiveCfg = Release|Any CPU
		{9BEB698F-D761-4F5C-B4C8-DA1A91E9ACF1}.Release|Any CPU.Build.0 = Release|Any CPU
	EndGlobalSection
	GlobalSection(SolutionProperties) = preSolution
		HideSolutionNode = FALSE
	EndGlobalSection
	GlobalSection(ExtensibilityGlobals) = postSolution
		SolutionGuid = {21D89336-A404-4270-9A86-CDBDE0844FA6}
	EndGlobalSection
EndGlobal
